
Microsoft Visual Studio Solution File, Format Version 10.00
# Visual Basic Express 2008
Project("{F184B08F-C81C-45F6-A57F-5ABD9991F28F}") = "ABMCombox", "ABMCombox\ABMCombox.vbproj", "{146B250E-8CD5-470B-A9AB-3464D54EDB84}"
EndProject
Global
	GlobalSection(SolutionConfigurationPlatforms) = preSolution
		Debug|Any CPU = Debug|Any CPU
		Release|Any CPU = Release|Any CPU
	EndGlobalSection
	GlobalSection(ProjectConfigurationPlatforms) = postSolution
		{146B250E-8CD5-470B-A9AB-3464D54EDB84}.Debug|Any CPU.ActiveCfg = Debug|Any CPU
		{146B250E-8CD5-470B-A9AB-3464D54EDB84}.Debug|Any CPU.Build.0 = Debug|Any CPU
		{146B250E-8CD5-470B-A9AB-3464D54EDB84}.Release|Any CPU.ActiveCfg = Release|Any CPU
		{146B250E-8CD5-470B-A9AB-3464D54EDB84}.Release|Any CPU.Build.0 = Release|Any CPU
	EndGlobalSection
	GlobalSection(SolutionProperties) = preSolution
		HideSolutionNode = FALSE
	EndGlobalSection
EndGlobal
